github.com/aws/aws-sdk-go-v2 v1.43.6 h1:RrmFcqCBxkJuf7g1axVo5krB4jM/AO8r5e5oujrgdoQ=
github.com/aws/aws-sdk-go-v2 v1.43.6/go.mod h1:tXpPM+v0D1lndmga+HqqLDIzUFJlEeR21aspVklHF00=
github.com/aws/aws-sdk-go-v2/config v1.32.37 h1:Ljl7LOJB6ym0liuEl0+TZ3d7f5I8MEZN1Cj9PINlj/g=
github.com/aws/aws-sdk-go-v2/config v1.32.37/go.mod h1:WJ7pe7ZPpmG8Q5kKS53zeypIV4FBGACxmte8Uc6SgUc=
github.com/aws/aws-sdk-go-v2/credentials v1.19.36 h1:84s5xMme6ENYEdKG8rsbSFFg/8+lbHBeM9QYSO0gnDk=
github.com/aws/aws-sdk-go-v2/credentials v1.19.36/go.mod h1:c46BLdagDLIswjgt+GeQOslXgeS0E6wCacs5yZbxPGk=
github.com/aws/aws-sdk-go-v2/feature/ec2/imds v1.18.37 h1:b5tb+CZItBkydC7r3hTNdSO3pszG1R2EtnA+7TePQPk=
github.com/aws/aws-sdk-go-v2/feature/ec2/imds v1.18.37/go.mod h1:ZQ+6SU9X0oz6+7MUCSswv9Mjci4eaqZr21HI2RVy/yA=
github.com/aws/aws-sdk-go-v2/internal/configsources v1.4.37 h1:lznzIOvvbqjfe8UAaciCRJgBgJsxuTROKlhZuXQWfv8=
github.com/aws/aws-sdk-go-v2/internal/configsources v1.4.37/go.mod h1:otfkzyfQeMMLZAqX59GSXTL3o22BR/l6HFaRzzbWSqA=
github.com/aws/aws-sdk-go-v2/internal/endpoints/v2 v2.7.37 h1:zCEORWo0eU0gDjG+IyApE/2B+ZGG1m+GU7B263XV8ds=
github.com/aws/aws-sdk-go-v2/internal/endpoints/v2 v2.7.37/go.mod h1:i6c0PEl3TNOWxRbQ++KQcVenPWS/GoQeiklKhNuqzJ8=
github.com/aws/aws-sdk-go-v2/internal/v4a v1.4.38 h1:A3UAuCmx7LyUcrixBTzKJYYIUZ2yTvn6ZhT8PB+7APk=
github.com/aws/aws-sdk-go-v2/internal/v4a v1.4.38/go.mod h1:1PDUYG9Z+JrbbsobsAZHjWOm9QBT/djiK3QbykTL5Z4=
github.com/aws/aws-sdk-go-v2/service/cloudfront v1.67.6 h1:A22L70zWECDsLtxsoFGqAWXrCHaj3FpoVtJ501RqQ4o=
github.com/aws/aws-sdk-go-v2/service/cloudfront v1.67.6/go.mod h1:DTafXhrviSsh89eiXreMkMIZUUzlFY1RAvymIqmjX+k=
github.com/aws/aws-sdk-go-v2/service/internal/accept-encoding v1.13.17 h1:OvYZOB3qA6zvfdRFiRFRzVSiElMYrz3GdntkXZxlp1o=
github.com/aws/aws-sdk-go-v2/service/internal/accept-encoding v1.13.17/go.mod h1:JgR/2Ew50ACfIWau1oeMRX59tMtC0kM+PYQGEaT04cY=
github.com/aws/aws-sdk-go-v2/service/internal/presigned-url v1.13.37 h1:a3D4AjrOrTrP8+d9ILBthqrElf0z1JNol09Xvnwcys8=
github.com/aws/aws-sdk-go-v2/service/internal/presigned-url v1.13.37/go.mod h1:ky0gTu+ukvUTuUKFIpp6Wid4oninrkCyvbFkVs0kpHM=
github.com/aws/aws-sdk-go-v2/service/signin v1.5.6 h1:i68sFvXidKlkiSvI7d7Ilc1/UvW4CtBOaivH7jhG4fs=
github.com/aws/aws-sdk-go-v2/service/signin v1.5.6/go.mod h1:/h7Obr9WTtzbjTHGASRQwLN7Bupw+TC3x8x7fyx39hE=
github.com/aws/aws-sdk-go-v2/service/sso v1.33.6 h1:tpfGChmjUmv3W9WlRvy+stwKDTbFFdq8Zk9DbFPrfMU=
github.com/aws/aws-sdk-go-v2/service/sso v1.33.6/go.mod h1:CSjiDzmG/lsKkTOYjbkM+duLmRlW+LOxD64Na44ijnI=
github.com/aws/aws-sdk-go-v2/service/ssooidc v1.38.6 h1:49BBtY68A+KJCQ3a2F3eUe6ROsKucxUdfHKoqorc0wI=
github.com/aws/aws-sdk-go-v2/service/ssooidc v1.38.6/go.mod h1:ptG2hbs7QltE1GcQY0MpS4bfrc51KCnBXUr7OT1EEfE=
github.com/aws/aws-sdk-go-v2/service/sts v1.45.6 h1:JvExZWabChDM0qJAirQYGfOYo0ndT3edXj+fqSPNjkE=
github.com/aws/aws-sdk-go-v2/service/sts v1.45.6/go.mod h1:XZcaQkV2cItp6yEkrwljyaPOf22RuX7T43jxap/FOmM=
github.com/aws/smithy-go v1.27.8 h1:FR0dxZfIlV7Z8eh2iHfIofdunw382XsDV3Mxt9nUvRY=
github.com/aws/smithy-go v1.27.8/go.mod h1:YE2RhdIuDbA5E5bTdciG9KrW3+TiEONeUWCqxX9i1Fc=
github.com/fatih/color v1.16.0 h1:zmkK9Ngbjj+K0yRhTVONQh1p/HknKYSlNT+vZCzyokM=
github.com/fatih/color v1.16.0/go.mod h1:fL2Sau1YI5c0pdGEVCbKQbLXB6edEj1ZgiY4NijnWvE=
github.com/google/go-cmp v0.7.0 h1:wk8382ETsv4JYUZwIsn6YpYiWiBsYLSJiTsyBybVuN8=
github.com/google/go-cmp v0.7.0/go.mod h1:pXiqmnSA92OHEEa9HXL2W4E7lf9JzCmGVUdgjX3N/iU=
github.com/kylelemons/godebug v1.1.0 h1:RPNrshWIDI6G2gRW9EHilWtl7Z6Sb1BR0xunSBf0SNc=
github.com/kylelemons/godebug v1.1.0/go.mod h1:9/0rRGxNHcop5bhtWyNeEfOS8JIWk580+fNqagV/RAw=
github.com/mattn/go-colorable v0.1.13 h1:fFA4WZxdEF4tXPZVKMLwD8oUnCTTo08duU7wxecdEvA=
github.com/mattn/go-colorable v0.1.13/go.mod h1:7S9/ev0klgBDR4GtXTXX8a3vIGJpMovkB8vQcUbaXHg=
github.com/mattn/go-isatty v0.0.16/go.mod h1:kYGgaQfpe5nmfYZH+SKPsOc2e4SrIfOl2e/yFXSvRLM=
github.com/mattn/go-isatty v0.0.20 h1:xfD0iDuEKnDkl03q4limB+vH+GxLEtL/jb4xVJSWWEY=
github.com/mattn/go-isatty v0.0.20/go.mod h1:W+V8PltTTMOvKvAeJH7IuucS94S2C6jfK/D7dTCTo3Y=
github.com/mitchellh/go-wordwrap v1.0.1 h1:TLuKupo69TCn6TQSyGxwI1EblZZEsQ0vMlAFQflz0v0=
github.com/mitchellh/go-wordwrap v1.0.1/go.mod h1:R62XHJLzvMFRBbcrT7m7WgmE1eOyTSsCt+hzestvNj0=
github.com/paulhammond/licensepack v0.0.0-20250829002203-b2435049137e h1:UeuYIldRqqsMfOoQee9McqICy6h4NIYM/r/9C3puAVU=
github.com/paulhammond/licensepack v0.0.0-20250829002203-b2435049137e/go.mod h1:35gfMyoiVwXrW4urv61S8c7szCiCwE09Pc/rSJCYCBw=
github.com/rogpeppe/go-internal v1.14.1 h1:UQB4HGPB6osV0SQTLymcB4TgvyWu6ZyliaW0tI/otEQ=
github.com/rogpeppe/go-internal v1.14.1/go.mod h1:MaRKkUm5W0goXpeCfT7UZI6fk/L7L7so1lCWt35ZSgc=
github.com/spf13/pflag v1.0.5 h1:iy+VFUOCP1a+8yFto/drg2CJ5u0yRoB7fZw3DKv/JXA=
github.com/spf13/pflag v1.0.5/go.mod h1:McXfInJRrz4CZXVZOBLb0bTZqETkiAhM9Iw0y3An2Bg=
golang.org/x/mod v0.27.0 h1:kb+q2PyFnEADO2IEF935ehFUXlWiNjJWtRNgBLSfbxQ=
golang.org/x/mod v0.27.0/go.mod h1:rWI627Fq0DEoudcK+MBkNkCe0EetEaDSwJJkCcjpazc=
golang.org/x/sync v0.16.0 h1:ycBJEhp9p4vXvUZNszeOq0kGTPghopOL8q0fq3vstxw=
golang.org/x/sync v0.16.0/go.mod h1:1dzgHSNfp02xaA81J2MS99Qcpr2w7fw1gpm99rleRqA=
golang.org/x/sys v0.0.0-20220811171246-fbc7d0a398ab/go.mod h1:oPkhp1MJrh7nUepCBck5+mAzfO9JrbApNNgaTdGDITg=
golang.org/x/sys v0.6.0/go.mod h1:oPkhp1MJrh7nUepCBck5+mAzfO9JrbApNNgaTdGDITg=
golang.org/x/sys v0.35.0 h1:vz1N37gP5bs89s7He8XuIYXpyY0+QlsKmzipCbUtyxI=
golang.org/x/sys v0.35.0/go.mod h1:BJP2sWEmIv4KK5OTEluFJCKSidICx8ciO85XgH3Ak8k=
golang.org/x/tools v0.36.0 h1:kWS0uv/zsvHEle1LbV5LE8QujrxB3wfQyxHfhOk0Qkg=
golang.org/x/tools v0.36.0/go.mod h1:WBDiHKJK8YgLHlcQPYQzNCkUxUypCaa5ZegCVutKm+s=
